
Microsoft Visual Studio Solution File, Format Version 12.00
# Visual Studio Version 16
VisualStudioVersion = 16.0.33529.622
MinimumVisualStudioVersion = 10.0.40219.1
Project("{FAE04EC0-301F-11D3-BF4B-00C04F79EFBC}") = "E-Store_Sentiment_Analysis_Thesis", "E-Store_Sentiment_Analysis_Thesis\E-Store_Sentiment_Analysis_Thesis.csproj", "{59F0137A-D043-4A17-B599-C6D55E0A01CD}"
EndProject
Global
	GlobalSection(SolutionConfigurationPlatforms) = preSolution
		Debug|Any CPU = Debug|Any CPU
		Release|Any CPU = Release|Any CPU
	EndGlobalSection
	GlobalSection(ProjectConfigurationPlatforms) = postSolution
		{59F0137A-D043-4A17-B599-C6D55E0A01CD}.Debug|Any CPU.ActiveCfg = Debug|Any CPU
		{59F0137A-D043-4A17-B599-C6D55E0A01CD}.Debug|Any CPU.Build.0 = Debug|Any CPU
		{59F0137A-D043-4A17-B599-C6D55E0A01CD}.Release|Any CPU.ActiveCfg = Release|Any CPU
		{59F0137A-D043-4A17-B599-C6D55E0A01CD}.Release|Any CPU.Build.0 = Release|Any CPU
	EndGlobalSection
	GlobalSection(SolutionProperties) = preSolution
		HideSolutionNode = FALSE
	EndGlobalSection
	GlobalSection(ExtensibilityGlobals) = postSolution
		SolutionGuid = {488D7F99-CD87-49C6-8B7C-F974C03B8E36}
	EndGlobalSection
EndGlobal
